// !$*UTF8*$!
{
	archiveVersion = 1;
	classes = {
	};
	objectVersion = 56;
	objects = {

/* Begin PBXBuildFile section */
		2A0D62A929559B5D00D1B884 /* AppFeature in Frameworks */ = {isa = PBXBuildFile; productRef = 2A0D62A829559B5D00D1B884 /* AppFeature */; };
		2A1AC7182956F6210075134A /* AddNewAddressPreviewAppApp.swift in Sources */ = {isa = PBXBuildFile; fileRef = 2A1AC7172956F6210075134A /* AddNewAddressPreviewAppApp.swift */; };
		2A1AC71A2956F6210075134A /* ContentView.swift in Sources */ = {isa = PBXBuildFile; fileRef = 2A1AC7192956F6210075134A /* ContentView.swift */; };
		2A1AC71C2956F6220075134A /* Assets.xcassets in Resources */ = {isa = PBXBuildFile; fileRef = 2A1AC71B2956F6220075134A /* Assets.xcassets */; };
		2A1AC71F2956F6220075134A /* Preview Assets.xcassets in Resources */ = {isa = PBXBuildFile; fileRef = 2A1AC71E2956F6220075134A /* Preview Assets.xcassets */; };
		2A1AC7242956F63F0075134A /* AddNewAddressFeature in Frameworks */ = {isa = PBXBuildFile; productRef = 2A1AC7232956F63F0075134A /* AddNewAddressFeature */; };
		2A390C9F2955EA9100779C18 /* SwiftUINavigationAlertApp.swift in Sources */ = {isa = PBXBuildFile; fileRef = 2A390C9E2955EA9100779C18 /* SwiftUINavigationAlertApp.swift */; };
		2A390CA12955EA9100779C18 /* ContentView.swift in Sources */ = {isa = PBXBuildFile; fileRef = 2A390CA02955EA9100779C18 /* ContentView.swift */; };
		2A390CA32955EA9200779C18 /* Assets.xcassets in Resources */ = {isa = PBXBuildFile; fileRef = 2A390CA22955EA9200779C18 /* Assets.xcassets */; };
		2A390CA62955EA9200779C18 /* Preview Assets.xcassets in Resources */ = {isa = PBXBuildFile; fileRef = 2A390CA52955EA9200779C18 /* Preview Assets.xcassets */; };
		2A390CAC2955EAE700779C18 /* SwiftUINavigation in Frameworks */ = {isa = PBXBuildFile; productRef = 2A390CAB2955EAE700779C18 /* SwiftUINavigation */; };
		2A48CDF32959BA1300DF5A29 /* AddNewAddressFeature in Frameworks */ = {isa = PBXBuildFile; productRef = 2A48CDF22959BA1300DF5A29 /* AddNewAddressFeature */; };
		2A48CDF52959BA1300DF5A29 /* AddressSearchOnMapFeature in Frameworks */ = {isa = PBXBuildFile; productRef = 2A48CDF42959BA1300DF5A29 /* AddressSearchOnMapFeature */; };
		2A48CDF72959BA1300DF5A29 /* AddressSearchService in Frameworks */ = {isa = PBXBuildFile; productRef = 2A48CDF62959BA1300DF5A29 /* AddressSearchService */; };
		2A48CDFF2959BA9B00DF5A29 /* AddNewAddressDemoPreviewAppApp.swift in Sources */ = {isa = PBXBuildFile; fileRef = 2A48CDFE2959BA9B00DF5A29 /* AddNewAddressDemoPreviewAppApp.swift */; };
		2A48CE012959BA9B00DF5A29 /* ContentView.swift in Sources */ = {isa = PBXBuildFile; fileRef = 2A48CE002959BA9B00DF5A29 /* ContentView.swift */; };
		2A48CE032959BA9C00DF5A29 /* Assets.xcassets in Resources */ = {isa = PBXBuildFile; fileRef = 2A48CE022959BA9C00DF5A29 /* Assets.xcassets */; };
		2A48CE062959BA9C00DF5A29 /* Preview Assets.xcassets in Resources */ = {isa = PBXBuildFile; fileRef = 2A48CE052959BA9C00DF5A29 /* Preview Assets.xcassets */; };
		2A48CE0C2959BAB700DF5A29 /* AddNewAddressFeature in Frameworks */ = {isa = PBXBuildFile; productRef = 2A48CE0B2959BAB700DF5A29 /* AddNewAddressFeature */; };
		2A48CE0E2959BB4500DF5A29 /* AddressSearchOnMapFeature in Frameworks */ = {isa = PBXBuildFile; productRef = 2A48CE0D2959BB4500DF5A29 /* AddressSearchOnMapFeature */; };
		2A48CE102959BB4500DF5A29 /* AddressSearchService in Frameworks */ = {isa = PBXBuildFile; productRef = 2A48CE0F2959BB4500DF5A29 /* AddressSearchService */; };
		2A48CE122959BDEE00DF5A29 /* MapDomain in Frameworks */ = {isa = PBXBuildFile; productRef = 2A48CE112959BDEE00DF5A29 /* MapDomain */; };
		2A7AB21E2957018100500FE4 /* DismissSearchPreviewAppApp.swift in Sources */ = {isa = PBXBuildFile; fileRef = 2A7AB21D2957018100500FE4 /* DismissSearchPreviewAppApp.swift */; };
		2A7AB2202957018100500FE4 /* ContentView.swift in Sources */ = {isa = PBXBuildFile; fileRef = 2A7AB21F2957018100500FE4 /* ContentView.swift */; };
		2A7AB2222957018200500FE4 /* Assets.xcassets in Resources */ = {isa = PBXBuildFile; fileRef = 2A7AB2212957018200500FE4 /* Assets.xcassets */; };
		2A7AB2252957018200500FE4 /* Preview Assets.xcassets in Resources */ = {isa = PBXBuildFile; fileRef = 2A7AB2242957018200500FE4 /* Preview Assets.xcassets */; };
		2A7AB23029573C9F00500FE4 /* MapViewPreviewAppApp.swift in Sources */ = {isa = PBXBuildFile; fileRef = 2A7AB22F29573C9F00500FE4 /* MapViewPreviewAppApp.swift */; };
		2A7AB23229573C9F00500FE4 /* ContentView.swift in Sources */ = {isa = PBXBuildFile; fileRef = 2A7AB23129573C9F00500FE4 /* ContentView.swift */; };
		2A7AB23429573CA100500FE4 /* Assets.xcassets in Resources */ = {isa = PBXBuildFile; fileRef = 2A7AB23329573CA100500FE4 /* Assets.xcassets */; };
		2A7AB23729573CA100500FE4 /* Preview Assets.xcassets in Resources */ = {isa = PBXBuildFile; fileRef = 2A7AB23629573CA100500FE4 /* Preview Assets.xcassets */; };
		2AA0ABC3295C276A00711FF4 /* AddressMapSearchPreviewAppApp.swift in Sources */ = {isa = PBXBuildFile; fileRef = 2AA0ABC2295C276A00711FF4 /* AddressMapSearchPreviewAppApp.swift */; };
		2AA0ABC5295C276A00711FF4 /* ContentView.swift in Sources */ = {isa = PBXBuildFile; fileRef = 2AA0ABC4295C276A00711FF4 /* ContentView.swift */; };
		2AA0ABC7295C276B00711FF4 /* Assets.xcassets in Resources */ = {isa = PBXBuildFile; fileRef = 2AA0ABC6295C276B00711FF4 /* Assets.xcassets */; };
		2AA0ABCA295C276B00711FF4 /* Preview Assets.xcassets in Resources */ = {isa = PBXBuildFile; fileRef = 2AA0ABC9295C276B00711FF4 /* Preview Assets.xcassets */; };
		2AA0ABCF295C278500711FF4 /* AddressMapSearchFeature in Frameworks */ = {isa = PBXBuildFile; productRef = 2AA0ABCE295C278500711FF4 /* AddressMapSearchFeature */; };
		2AA0ABD1295C278500711FF4 /* MapKitMapFeature in Frameworks */ = {isa = PBXBuildFile; productRef = 2AA0ABD0295C278500711FF4 /* MapKitMapFeature */; };
		2AA0ABD3295C286D00711FF4 /* MapDomain in Frameworks */ = {isa = PBXBuildFile; productRef = 2AA0ABD2295C286D00711FF4 /* MapDomain */; };
		2AA0ABD7295C4BEC00711FF4 /* GeocoderAddressCoordinateSearchService in Frameworks */ = {isa = PBXBuildFile; productRef = 2AA0ABD6295C4BEC00711FF4 /* GeocoderAddressCoordinateSearchService */; };
		2AA0ABD9295C645F00711FF4 /* AddressSearchService in Frameworks */ = {isa = PBXBuildFile; productRef = 2AA0ABD8295C645F00711FF4 /* AddressSearchService */; };
		2AC4E5DD295AF1D200EAB861 /* Composer.swift in Sources */ = {isa = PBXBuildFile; fileRef = 2AC4E5DC295AF1D200EAB861 /* Composer.swift */; };
		2AC4E5DF295AF8B600EAB861 /* AddNewAddressUIComposer.swift in Sources */ = {isa = PBXBuildFile; fileRef = 2AC4E5DE295AF8B600EAB861 /* AddNewAddressUIComposer.swift */; };
		2AECE852295EE9B0009D3A57 /* CasePaths in Frameworks */ = {isa = PBXBuildFile; productRef = 2AECE851295EE9B0009D3A57 /* CasePaths */; };
		2AFF10482952FBA2003E11E5 /* ShopUIPrototypePreviewAppApp.swift in Sources */ = {isa = PBXBuildFile; fileRef = 2AFF10472952FBA2003E11E5 /* ShopUIPrototypePreviewAppApp.swift */; };
		2AFF104A2952FBA2003E11E5 /* ContentView.swift in Sources */ = {isa = PBXBuildFile; fileRef = 2AFF10492952FBA2003E11E5 /* ContentView.swift */; };
		2AFF104C2952FBA3003E11E5 /* Assets.xcassets in Resources */ = {isa = PBXBuildFile; fileRef = 2AFF104B2952FBA3003E11E5 /* Assets.xcassets */; };
		2AFF104F2952FBA3003E11E5 /* Preview Assets.xcassets in Resources */ = {isa = PBXBuildFile; fileRef = 2AFF104E2952FBA3003E11E5 /* Preview Assets.xcassets */; };
/* End PBXBuildFile section */

/* Begin PBXFileReference section */
		2A1AC7152956F6210075134A /* AddNewAddressPreviewApp.app */ = {isa = PBXFileReference; explicitFileType = wrapper.application; includeInIndex = 0; path = AddNewAddressPreviewApp.app; sourceTree = BUILT_PRODUCTS_DIR; };
		2A1AC7172956F6210075134A /* AddNewAddressPreviewAppApp.swift */ = {isa = PBXFileReference; lastKnownFileType = sourcecode.swift; path = AddNewAddressPreviewAppApp.swift; sourceTree = "<group>"; };
		2A1AC7192956F6210075134A /* ContentView.swift */ = {isa = PBXFileReference; lastKnownFileType = sourcecode.swift; path = ContentView.swift; sourceTree = "<group>"; };
		2A1AC71B2956F6220075134A /* Assets.xcassets */ = {isa = PBXFileReference; lastKnownFileType = folder.assetcatalog; path = Assets.xcassets; sourceTree = "<group>"; };
		2A1AC71E2956F6220075134A /* Preview Assets.xcassets */ = {isa = PBXFileReference; lastKnownFileType = folder.assetcatalog; path = "Preview Assets.xcassets"; sourceTree = "<group>"; };
		2A390C9C2955EA9100779C18 /* SwiftUINavigationAlert.app */ = {isa = PBXFileReference; explicitFileType = wrapper.application; includeInIndex = 0; path = SwiftUINavigationAlert.app; sourceTree = BUILT_PRODUCTS_DIR; };
		2A390C9E2955EA9100779C18 /* SwiftUINavigationAlertApp.swift */ = {isa = PBXFileReference; lastKnownFileType = sourcecode.swift; path = SwiftUINavigationAlertApp.swift; sourceTree = "<group>"; };
		2A390CA02955EA9100779C18 /* ContentView.swift */ = {isa = PBXFileReference; lastKnownFileType = sourcecode.swift; path = ContentView.swift; sourceTree = "<group>"; };
		2A390CA22955EA9200779C18 /* Assets.xcassets */ = {isa = PBXFileReference; lastKnownFileType = folder.assetcatalog; path = Assets.xcassets; sourceTree = "<group>"; };
		2A390CA52955EA9200779C18 /* Preview Assets.xcassets */ = {isa = PBXFileReference; lastKnownFileType = folder.assetcatalog; path = "Preview Assets.xcassets"; sourceTree = "<group>"; };
		2A48CDFC2959BA9B00DF5A29 /* AddNewAddressDemoPreviewApp.app */ = {isa = PBXFileReference; explicitFileType = wrapper.application; includeInIndex = 0; path = AddNewAddressDemoPreviewApp.app; sourceTree = BUILT_PRODUCTS_DIR; };
		2A48CDFE2959BA9B00DF5A29 /* AddNewAddressDemoPreviewAppApp.swift */ = {isa = PBXFileReference; lastKnownFileType = sourcecode.swift; path = AddNewAddressDemoPreviewAppApp.swift; sourceTree = "<group>"; };
		2A48CE002959BA9B00DF5A29 /* ContentView.swift */ = {isa = PBXFileReference; lastKnownFileType = sourcecode.swift; path = ContentView.swift; sourceTree = "<group>"; };
		2A48CE022959BA9C00DF5A29 /* Assets.xcassets */ = {isa = PBXFileReference; lastKnownFileType = folder.assetcatalog; path = Assets.xcassets; sourceTree = "<group>"; };
		2A48CE052959BA9C00DF5A29 /* Preview Assets.xcassets */ = {isa = PBXFileReference; lastKnownFileType = folder.assetcatalog; path = "Preview Assets.xcassets"; sourceTree = "<group>"; };
		2A48CE0A2959BAAB00DF5A29 /* Info.plist */ = {isa = PBXFileReference; lastKnownFileType = text.plist; path = Info.plist; sourceTree = "<group>"; };
		2A7AB21B2957018100500FE4 /* DismissSearchPreviewApp.app */ = {isa = PBXFileReference; explicitFileType = wrapper.application; includeInIndex = 0; path = DismissSearchPreviewApp.app; sourceTree = BUILT_PRODUCTS_DIR; };
		2A7AB21D2957018100500FE4 /* DismissSearchPreviewAppApp.swift */ = {isa = PBXFileReference; lastKnownFileType = sourcecode.swift; path = DismissSearchPreviewAppApp.swift; sourceTree = "<group>"; };
		2A7AB21F2957018100500FE4 /* ContentView.swift */ = {isa = PBXFileReference; lastKnownFileType = sourcecode.swift; path = ContentView.swift; sourceTree = "<group>"; };
		2A7AB2212957018200500FE4 /* Assets.xcassets */ = {isa = PBXFileReference; lastKnownFileType = folder.assetcatalog; path = Assets.xcassets; sourceTree = "<group>"; };
		2A7AB2242957018200500FE4 /* Preview Assets.xcassets */ = {isa = PBXFileReference; lastKnownFileType = folder.assetcatalog; path = "Preview Assets.xcassets"; sourceTree = "<group>"; };
		2A7AB22D29573C9F00500FE4 /* MapViewPreviewApp.app */ = {isa = PBXFileReference; explicitFileType = wrapper.application; includeInIndex = 0; path = MapViewPreviewApp.app; sourceTree = BUILT_PRODUCTS_DIR; };
		2A7AB22F29573C9F00500FE4 /* MapViewPreviewAppApp.swift */ = {isa = PBXFileReference; lastKnownFileType = sourcecode.swift; path = MapViewPreviewAppApp.swift; sourceTree = "<group>"; };
		2A7AB23129573C9F00500FE4 /* ContentView.swift */ = {isa = PBXFileReference; lastKnownFileType = sourcecode.swift; path = ContentView.swift; sourceTree = "<group>"; };
		2A7AB23329573CA100500FE4 /* Assets.xcassets */ = {isa = PBXFileReference; lastKnownFileType = folder.assetcatalog; path = Assets.xcassets; sourceTree = "<group>"; };
		2A7AB23629573CA100500FE4 /* Preview Assets.xcassets */ = {isa = PBXFileReference; lastKnownFileType = folder.assetcatalog; path = "Preview Assets.xcassets"; sourceTree = "<group>"; };
		2AA0ABC0295C276A00711FF4 /* AddressMapSearchPreviewApp.app */ = {isa = PBXFileReference; explicitFileType = wrapper.application; includeInIndex = 0; path = AddressMapSearchPreviewApp.app; sourceTree = BUILT_PRODUCTS_DIR; };
		2AA0ABC2295C276A00711FF4 /* AddressMapSearchPreviewAppApp.swift */ = {isa = PBXFileReference; lastKnownFileType = sourcecode.swift; path = AddressMapSearchPreviewAppApp.swift; sourceTree = "<group>"; };
		2AA0ABC4295C276A00711FF4 /* ContentView.swift */ = {isa = PBXFileReference; lastKnownFileType = sourcecode.swift; path = ContentView.swift; sourceTree = "<group>"; };
		2AA0ABC6295C276B00711FF4 /* Assets.xcassets */ = {isa = PBXFileReference; lastKnownFileType = folder.assetcatalog; path = Assets.xcassets; sourceTree = "<group>"; };
		2AA0ABC9295C276B00711FF4 /* Preview Assets.xcassets */ = {isa = PBXFileReference; lastKnownFileType = folder.assetcatalog; path = "Preview Assets.xcassets"; sourceTree = "<group>"; };
		2AC4E5DC295AF1D200EAB861 /* Composer.swift */ = {isa = PBXFileReference; lastKnownFileType = sourcecode.swift; path = Composer.swift; sourceTree = "<group>"; };
		2AC4E5DE295AF8B600EAB861 /* AddNewAddressUIComposer.swift */ = {isa = PBXFileReference; lastKnownFileType = sourcecode.swift; path = AddNewAddressUIComposer.swift; sourceTree = "<group>"; };
		2AFF10292952F99D003E11E5 /* swift-explore-swiftui-navigation */ = {isa = PBXFileReference; lastKnownFileType = wrapper; name = "swift-explore-swiftui-navigation"; path = ..; sourceTree = "<group>"; };
		2AFF10452952FBA2003E11E5 /* ShopUIPrototypePreviewApp.app */ = {isa = PBXFileReference; explicitFileType = wrapper.application; includeInIndex = 0; path = ShopUIPrototypePreviewApp.app; sourceTree = BUILT_PRODUCTS_DIR; };
		2AFF10472952FBA2003E11E5 /* ShopUIPrototypePreviewAppApp.swift */ = {isa = PBXFileReference; lastKnownFileType = sourcecode.swift; path = ShopUIPrototypePreviewAppApp.swift; sourceTree = "<group>"; };
		2AFF10492952FBA2003E11E5 /* ContentView.swift */ = {isa = PBXFileReference; lastKnownFileType = sourcecode.swift; path = ContentView.swift; sourceTree = "<group>"; };
		2AFF104B2952FBA3003E11E5 /* Assets.xcassets */ = {isa = PBXFileReference; lastKnownFileType = folder.assetcatalog; path = Assets.xcassets; sourceTree = "<group>"; };
		2AFF104E2952FBA3003E11E5 /* Preview Assets.xcassets */ = {isa = PBXFileReference; lastKnownFileType = folder.assetcatalog; path = "Preview Assets.xcassets"; sourceTree = "<group>"; };
/* End PBXFileReference section */

/* Begin PBXFrameworksBuildPhase section */
		2A1AC7122956F6210075134A /* Frameworks */ = {
			isa = PBXFrameworksBuildPhase;
			buildActionMask = 2147483647;
			files = (
				2A48CE102959BB4500DF5A29 /* AddressSearchService in Frameworks */,
				2A48CE0E2959BB4500DF5A29 /* AddressSearchOnMapFeature in Frameworks */,
				2A1AC7242956F63F0075134A /* AddNewAddressFeature in Frameworks */,
				2A48CE122959BDEE00DF5A29 /* MapDomain in Frameworks */,
			);
			runOnlyForDeploymentPostprocessing = 0;
		};
		2A390C992955EA9100779C18 /* Frameworks */ = {
			isa = PBXFrameworksBuildPhase;
			buildActionMask = 2147483647;
			files = (
				2A390CAC2955EAE700779C18 /* SwiftUINavigation in Frameworks */,
			);
			runOnlyForDeploymentPostprocessing = 0;
		};
		2A48CDF92959BA9B00DF5A29 /* Frameworks */ = {
			isa = PBXFrameworksBuildPhase;
			buildActionMask = 2147483647;
			files = (
				2A48CE0C2959BAB700DF5A29 /* AddNewAddressFeature in Frameworks */,
			);
			runOnlyForDeploymentPostprocessing = 0;
		};
		2A7AB2182957018100500FE4 /* Frameworks */ = {
			isa = PBXFrameworksBuildPhase;
			buildActionMask = 2147483647;
			files = (
			);
			runOnlyForDeploymentPostprocessing = 0;
		};
		2A7AB22A29573C9F00500FE4 /* Frameworks */ = {
			isa = PBXFrameworksBuildPhase;
			buildActionMask = 2147483647;
			files = (
				2A48CDF72959BA1300DF5A29 /* AddressSearchService in Frameworks */,
				2A48CDF52959BA1300DF5A29 /* AddressSearchOnMapFeature in Frameworks */,
				2A48CDF32959BA1300DF5A29 /* AddNewAddressFeature in Frameworks */,
			);
			runOnlyForDeploymentPostprocessing = 0;
		};
		2AA0ABBD295C276A00711FF4 /* Frameworks */ = {
			isa = PBXFrameworksBuildPhase;
			buildActionMask = 2147483647;
			files = (
				2AA0ABD1295C278500711FF4 /* MapKitMapFeature in Frameworks */,
				2AA0ABD9295C645F00711FF4 /* AddressSearchService in Frameworks */,
				2AA0ABD3295C286D00711FF4 /* MapDomain in Frameworks */,
				2AA0ABCF295C278500711FF4 /* AddressMapSearchFeature in Frameworks */,
				2AA0ABD7295C4BEC00711FF4 /* GeocoderAddressCoordinateSearchService in Frameworks */,
				2AECE852295EE9B0009D3A57 /* CasePaths in Frameworks */,
			);
			runOnlyForDeploymentPostprocessing = 0;
		};
		2AFF10422952FBA2003E11E5 /* Frameworks */ = {
			isa = PBXFrameworksBuildPhase;
			buildActionMask = 2147483647;
			files = (
				2A0D62A929559B5D00D1B884 /* AppFeature in Frameworks */,
			);
			runOnlyForDeploymentPostprocessing = 0;
		};
/* End PBXFrameworksBuildPhase section */

/* Begin PBXGroup section */
		2A1AC7162956F6210075134A /* AddNewAddressPreviewApp */ = {
			isa = PBXGroup;
			children = (
				2A1AC7172956F6210075134A /* AddNewAddressPreviewAppApp.swift */,
				2A1AC7192956F6210075134A /* ContentView.swift */,
				2AC4E5DE295AF8B600EAB861 /* AddNewAddressUIComposer.swift */,
				2AC4E5DC295AF1D200EAB861 /* Composer.swift */,
				2A1AC71B2956F6220075134A /* Assets.xcassets */,
				2A1AC71D2956F6220075134A /* Preview Content */,
			);
			path = AddNewAddressPreviewApp;
			sourceTree = "<group>";
		};
		2A1AC71D2956F6220075134A /* Preview Content */ = {
			isa = PBXGroup;
			children = (
				2A1AC71E2956F6220075134A /* Preview Assets.xcassets */,
			);
			path = "Preview Content";
			sourceTree = "<group>";
		};
		2A390C9D2955EA9100779C18 /* SwiftUINavigationAlert */ = {
			isa = PBXGroup;
			children = (
				2A390C9E2955EA9100779C18 /* SwiftUINavigationAlertApp.swift */,
				2A390CA02955EA9100779C18 /* ContentView.swift */,
				2A390CA22955EA9200779C18 /* Assets.xcassets */,
				2A390CA42955EA9200779C18 /* Preview Content */,
			);
			path = SwiftUINavigationAlert;
			sourceTree = "<group>";
		};
		2A390CA42955EA9200779C18 /* Preview Content */ = {
			isa = PBXGroup;
			children = (
				2A390CA52955EA9200779C18 /* Preview Assets.xcassets */,
			);
			path = "Preview Content";
			sourceTree = "<group>";
		};
		2A48CDFD2959BA9B00DF5A29 /* AddNewAddressDemoPreviewApp */ = {
			isa = PBXGroup;
			children = (
				2A48CE0A2959BAAB00DF5A29 /* Info.plist */,
				2A48CDFE2959BA9B00DF5A29 /* AddNewAddressDemoPreviewAppApp.swift */,
				2A48CE002959BA9B00DF5A29 /* ContentView.swift */,
				2A48CE022959BA9C00DF5A29 /* Assets.xcassets */,
				2A48CE042959BA9C00DF5A29 /* Preview Content */,
			);
			path = AddNewAddressDemoPreviewApp;
			sourceTree = "<group>";
		};
		2A48CE042959BA9C00DF5A29 /* Preview Content */ = {
			isa = PBXGroup;
			children = (
				2A48CE052959BA9C00DF5A29 /* Preview Assets.xcassets */,
			);
			path = "Preview Content";
			sourceTree = "<group>";
		};
		2A7AB21C2957018100500FE4 /* DismissSearchPreviewApp */ = {
			isa = PBXGroup;
			children = (
				2A7AB21D2957018100500FE4 /* DismissSearchPreviewAppApp.swift */,
				2A7AB21F2957018100500FE4 /* ContentView.swift */,
				2A7AB2212957018200500FE4 /* Assets.xcassets */,
				2A7AB2232957018200500FE4 /* Preview Content */,
			);
			path = DismissSearchPreviewApp;
			sourceTree = "<group>";
		};
		2A7AB2232957018200500FE4 /* Preview Content */ = {
			isa = PBXGroup;
			children = (
				2A7AB2242957018200500FE4 /* Preview Assets.xcassets */,
			);
			path = "Preview Content";
			sourceTree = "<group>";
		};
		2A7AB22E29573C9F00500FE4 /* MapViewPreviewApp */ = {
			isa = PBXGroup;
			children = (
				2A7AB22F29573C9F00500FE4 /* MapViewPreviewAppApp.swift */,
				2A7AB23129573C9F00500FE4 /* ContentView.swift */,
				2A7AB23329573CA100500FE4 /* Assets.xcassets */,
				2A7AB23529573CA100500FE4 /* Preview Content */,
			);
			path = MapViewPreviewApp;
			sourceTree = "<group>";
		};
		2A7AB23529573CA100500FE4 /* Preview Content */ = {
			isa = PBXGroup;
			children = (
				2A7AB23629573CA100500FE4 /* Preview Assets.xcassets */,
			);
			path = "Preview Content";
			sourceTree = "<group>";
		};
		2AA0ABC1295C276A00711FF4 /* AddressMapSearchPreviewApp */ = {
			isa = PBXGroup;
			children = (
				2AA0ABC2295C276A00711FF4 /* AddressMapSearchPreviewAppApp.swift */,
				2AA0ABC4295C276A00711FF4 /* ContentView.swift */,
				2AA0ABC6295C276B00711FF4 /* Assets.xcassets */,
				2AA0ABC8295C276B00711FF4 /* Preview Content */,
			);
			path = AddressMapSearchPreviewApp;
			sourceTree = "<group>";
		};
		2AA0ABC8295C276B00711FF4 /* Preview Content */ = {
			isa = PBXGroup;
			children = (
				2AA0ABC9295C276B00711FF4 /* Preview Assets.xcassets */,
			);
			path = "Preview Content";
			sourceTree = "<group>";
		};
		2AFF100F2952F953003E11E5 = {
			isa = PBXGroup;
			children = (
				2AFF10292952F99D003E11E5 /* swift-explore-swiftui-navigation */,
				2A7AB21C2957018100500FE4 /* DismissSearchPreviewApp */,
				2A48CDFD2959BA9B00DF5A29 /* AddNewAddressDemoPreviewApp */,
				2A1AC7162956F6210075134A /* AddNewAddressPreviewApp */,
				2AA0ABC1295C276A00711FF4 /* AddressMapSearchPreviewApp */,
				2A7AB22E29573C9F00500FE4 /* MapViewPreviewApp */,
				2AFF10462952FBA2003E11E5 /* ShopUIPrototypePreviewApp */,
				2A390C9D2955EA9100779C18 /* SwiftUINavigationAlert */,
				2AFF10192952F953003E11E5 /* Products */,
				2AFF102A2952FAEE003E11E5 /* Frameworks */,
			);
			sourceTree = "<group>";
		};
		2AFF10192952F953003E11E5 /* Products */ = {
			isa = PBXGroup;
			children = (
				2AFF10452952FBA2003E11E5 /* ShopUIPrototypePreviewApp.app */,
				2A390C9C2955EA9100779C18 /* SwiftUINavigationAlert.app */,
				2A1AC7152956F6210075134A /* AddNewAddressPreviewApp.app */,
				2A7AB21B2957018100500FE4 /* DismissSearchPreviewApp.app */,
				2A7AB22D29573C9F00500FE4 /* MapViewPreviewApp.app */,
				2A48CDFC2959BA9B00DF5A29 /* AddNewAddressDemoPreviewApp.app */,
				2AA0ABC0295C276A00711FF4 /* AddressMapSearchPreviewApp.app */,
			);
			name = Products;
			sourceTree = "<group>";
		};
		2AFF102A2952FAEE003E11E5 /* Frameworks */ = {
			isa = PBXGroup;
			children = (
			);
			name = Frameworks;
			sourceTree = "<group>";
		};
		2AFF10462952FBA2003E11E5 /* ShopUIPrototypePreviewApp */ = {
			isa = PBXGroup;
			children = (
				2AFF10472952FBA2003E11E5 /* ShopUIPrototypePreviewAppApp.swift */,
				2AFF10492952FBA2003E11E5 /* ContentView.swift */,
				2AFF104B2952FBA3003E11E5 /* Assets.xcassets */,
				2AFF104D2952FBA3003E11E5 /* Preview Content */,
			);
			path = ShopUIPrototypePreviewApp;
			sourceTree = "<group>";
		};
		2AFF104D2952FBA3003E11E5 /* Preview Content */ = {
			isa = PBXGroup;
			children = (
				2AFF104E2952FBA3003E11E5 /* Preview Assets.xcassets */,
			);
			path = "Preview Content";
			sourceTree = "<group>";
		};
/* End PBXGroup section */

/* Begin PBXNativeTarget section */
		2A1AC7142956F6210075134A /* AddNewAddressPreviewApp */ = {
			isa = PBXNativeTarget;
			buildConfigurationList = 2A1AC7222956F6220075134A /* Build configuration list for PBXNativeTarget "AddNewAddressPreviewApp" */;
			buildPhases = (
				2A1AC7112956F6210075134A /* Sources */,
				2A1AC7122956F6210075134A /* Frameworks */,
				2A1AC7132956F6210075134A /* Resources */,
			);
			buildRules = (
			);
			dependencies = (
			);
			name = AddNewAddressPreviewApp;
			packageProductDependencies = (
				2A1AC7232956F63F0075134A /* AddNewAddressFeature */,
				2A48CE0D2959BB4500DF5A29 /* AddressSearchOnMapFeature */,
				2A48CE0F2959BB4500DF5A29 /* AddressSearchService */,
				2A48CE112959BDEE00DF5A29 /* MapDomain */,
			);
			productName = AddNewAddressPreviewApp;
			productReference = 2A1AC7152956F6210075134A /* AddNewAddressPreviewApp.app */;
			productType = "com.apple.product-type.application";
		};
		2A390C9B2955EA9100779C18 /* SwiftUINavigationAlert */ = {
			isa = PBXNativeTarget;
			buildConfigurationList = 2A390CA92955EA9200779C18 /* Build configuration list for PBXNativeTarget "SwiftUINavigationAlert" */;
			buildPhases = (
				2A390C982955EA9100779C18 /* Sources */,
				2A390C992955EA9100779C18 /* Frameworks */,
				2A390C9A2955EA9100779C18 /* Resources */,
			);
			buildRules = (
			);
			dependencies = (
			);
			name = SwiftUINavigationAlert;
			packageProductDependencies = (
				2A390CAB2955EAE700779C18 /* SwiftUINavigation */,
			);
			productName = SwiftUINavigationAlert;
			productReference = 2A390C9C2955EA9100779C18 /* SwiftUINavigationAlert.app */;
			productType = "com.apple.product-type.application";
		};
		2A48CDFB2959BA9B00DF5A29 /* AddNewAddressDemoPreviewApp */ = {
			isa = PBXNativeTarget;
			buildConfigurationList = 2A48CE072959BA9C00DF5A29 /* Build configuration list for PBXNativeTarget "AddNewAddressDemoPreviewApp" */;
			buildPhases = (
				2A48CDF82959BA9B00DF5A29 /* Sources */,
				2A48CDF92959BA9B00DF5A29 /* Frameworks */,
				2A48CDFA2959BA9B00DF5A29 /* Resources */,
			);
			buildRules = (
			);
			dependencies = (
			);
			name = AddNewAddressDemoPreviewApp;
			packageProductDependencies = (
				2A48CE0B2959BAB700DF5A29 /* AddNewAddressFeature */,
			);
			productName = AddNewAddressDemoPreviewApp;
			productReference = 2A48CDFC2959BA9B00DF5A29 /* AddNewAddressDemoPreviewApp.app */;
			productType = "com.apple.product-type.application";
		};
		2A7AB21A2957018100500FE4 /* DismissSearchPreviewApp */ = {
			isa = PBXNativeTarget;
			buildConfigurationList = 2A7AB2282957018200500FE4 /* Build configuration list for PBXNativeTarget "DismissSearchPreviewApp" */;
			buildPhases = (
				2A7AB2172957018100500FE4 /* Sources */,
				2A7AB2182957018100500FE4 /* Frameworks */,
				2A7AB2192957018100500FE4 /* Resources */,
			);
			buildRules = (
			);
			dependencies = (
			);
			name = DismissSearchPreviewApp;
			productName = DismissSearchPreviewApp;
			productReference = 2A7AB21B2957018100500FE4 /* DismissSearchPreviewApp.app */;
			productType = "com.apple.product-type.application";
		};
		2A7AB22C29573C9F00500FE4 /* MapViewPreviewApp */ = {
			isa = PBXNativeTarget;
			buildConfigurationList = 2A7AB23829573CA100500FE4 /* Build configuration list for PBXNativeTarget "MapViewPreviewApp" */;
			buildPhases = (
				2A7AB22929573C9F00500FE4 /* Sources */,
				2A7AB22A29573C9F00500FE4 /* Frameworks */,
				2A7AB22B29573C9F00500FE4 /* Resources */,
			);
			buildRules = (
			);
			dependencies = (
			);
			name = MapViewPreviewApp;
			packageProductDependencies = (
				2A48CDF22959BA1300DF5A29 /* AddNewAddressFeature */,
				2A48CDF42959BA1300DF5A29 /* AddressSearchOnMapFeature */,
				2A48CDF62959BA1300DF5A29 /* AddressSearchService */,
			);
			productName = MapViewPreviewApp;
			productReference = 2A7AB22D29573C9F00500FE4 /* MapViewPreviewApp.app */;
			productType = "com.apple.product-type.application";
		};
		2AA0ABBF295C276A00711FF4 /* AddressMapSearchPreviewApp */ = {
			isa = PBXNativeTarget;
			buildConfigurationList = 2AA0ABCD295C276B00711FF4 /* Build configuration list for PBXNativeTarget "AddressMapSearchPreviewApp" */;
			buildPhases = (
				2AA0ABBC295C276A00711FF4 /* Sources */,
				2AA0ABBD295C276A00711FF4 /* Frameworks */,
				2AA0ABBE295C276A00711FF4 /* Resources */,
			);
			buildRules = (
			);
			dependencies = (
			);
			name = AddressMapSearchPreviewApp;
			packageProductDependencies = (
				2AA0ABCE295C278500711FF4 /* AddressMapSearchFeature */,
				2AA0ABD0295C278500711FF4 /* MapKitMapFeature */,
				2AA0ABD2295C286D00711FF4 /* MapDomain */,
				2AA0ABD6295C4BEC00711FF4 /* GeocoderAddressCoordinateSearchService */,
				2AA0ABD8295C645F00711FF4 /* AddressSearchService */,
				2AECE851295EE9B0009D3A57 /* CasePaths */,
			);
			productName = AddressMapSearchPreviewApp;
			productReference = 2AA0ABC0295C276A00711FF4 /* AddressMapSearchPreviewApp.app */;
			productType = "com.apple.product-type.application";
		};
		2AFF10442952FBA2003E11E5 /* ShopUIPrototypePreviewApp */ = {
			isa = PBXNativeTarget;
			buildConfigurationList = 2AFF10502952FBA3003E11E5 /* Build configuration list for PBXNativeTarget "ShopUIPrototypePreviewApp" */;
			buildPhases = (
				2AFF10412952FBA2003E11E5 /* Sources */,
				2AFF10422952FBA2003E11E5 /* Frameworks */,
				2AFF10432952FBA2003E11E5 /* Resources */,
			);
			buildRules = (
			);
			dependencies = (
			);
			name = ShopUIPrototypePreviewApp;
			packageProductDependencies = (
				2A0D62A829559B5D00D1B884 /* AppFeature */,
			);
			productName = ShopUIPrototypePreviewApp;
			productReference = 2AFF10452952FBA2003E11E5 /* ShopUIPrototypePreviewApp.app */;
			productType = "com.apple.product-type.application";
		};
/* End PBXNativeTarget section */

/* Begin PBXProject section */
		2AFF10102952F953003E11E5 /* Project object */ = {
			isa = PBXProject;
			attributes = {
				BuildIndependentTargetsInParallel = 1;
				LastSwiftUpdateCheck = 1420;
				LastUpgradeCheck = 1420;
				TargetAttributes = {
					2A1AC7142956F6210075134A = {
						CreatedOnToolsVersion = 14.2;
					};
					2A390C9B2955EA9100779C18 = {
						CreatedOnToolsVersion = 14.2;
					};
					2A48CDFB2959BA9B00DF5A29 = {
						CreatedOnToolsVersion = 14.2;
					};
					2A7AB21A2957018100500FE4 = {
						CreatedOnToolsVersion = 14.2;
					};
					2A7AB22C29573C9F00500FE4 = {
						CreatedOnToolsVersion = 14.2;
					};
					2AA0ABBF295C276A00711FF4 = {
						CreatedOnToolsVersion = 14.2;
					};
					2AFF10442952FBA2003E11E5 = {
						CreatedOnToolsVersion = 14.2;
					};
				};
			};
			buildConfigurationList = 2AFF10132952F953003E11E5 /* Build configuration list for PBXProject "ExploreSwiftUINavigation" */;
			compatibilityVersion = "Xcode 14.0";
			developmentRegion = en;
			hasScannedForEncodings = 0;
			knownRegions = (
				en,
				Base,
			);
			mainGroup = 2AFF100F2952F953003E11E5;
			packageReferences = (
				2A390CAA2955EAE700779C18 /* XCRemoteSwiftPackageReference "swiftui-navigation" */,
				2AECE850295EE9B0009D3A57 /* XCRemoteSwiftPackageReference "swift-case-paths" */,
			);
			productRefGroup = 2AFF10192952F953003E11E5 /* Products */;
			projectDirPath = "";
			projectRoot = "";
			targets = (
				2AFF10442952FBA2003E11E5 /* ShopUIPrototypePreviewApp */,
				2A390C9B2955EA9100779C18 /* SwiftUINavigationAlert */,
				2AA0ABBF295C276A00711FF4 /* AddressMapSearchPreviewApp */,
				2A48CDFB2959BA9B00DF5A29 /* AddNewAddressDemoPreviewApp */,
				2A1AC7142956F6210075134A /* AddNewAddressPreviewApp */,
				2A7AB21A2957018100500FE4 /* DismissSearchPreviewApp */,
				2A7AB22C29573C9F00500FE4 /* MapViewPreviewApp */,
			);
		};
/* End PBXProject section */

/* Begin PBXResourcesBuildPhase section */
		2A1AC7132956F6210075134A /* Resources */ = {
			isa = PBXResourcesBuildPhase;
			buildActionMask = 2147483647;
			files = (
				2A1AC71F2956F6220075134A /* Preview Assets.xcassets in Resources */,
				2A1AC71C2956F6220075134A /* Assets.xcassets in Resources */,
			);
			runOnlyForDeploymentPostprocessing = 0;
		};
		2A390C9A2955EA9100779C18 /* Resources */ = {
			isa = PBXResourcesBuildPhase;
			buildActionMask = 2147483647;
			files = (
				2A390CA62955EA9200779C18 /* Preview Assets.xcassets in Resources */,
				2A390CA32955EA9200779C18 /* Assets.xcassets in Resources */,
			);
			runOnlyForDeploymentPostprocessing = 0;
		};
		2A48CDFA2959BA9B00DF5A29 /* Resources */ = {
			isa = PBXResourcesBuildPhase;
			buildActionMask = 2147483647;
			files = (
				2A48CE062959BA9C00DF5A29 /* Preview Assets.xcassets in Resources */,
				2A48CE032959BA9C00DF5A29 /* Assets.xcassets in Resources */,
			);
			runOnlyForDeploymentPostprocessing = 0;
		};
		2A7AB2192957018100500FE4 /* Resources */ = {
			isa = PBXResourcesBuildPhase;
			buildActionMask = 2147483647;
			files = (
				2A7AB2252957018200500FE4 /* Preview Assets.xcassets in Resources */,
				2A7AB2222957018200500FE4 /* Assets.xcassets in Resources */,
			);
			runOnlyForDeploymentPostprocessing = 0;
		};
		2A7AB22B29573C9F00500FE4 /* Resources */ = {
			isa = PBXResourcesBuildPhase;
			buildActionMask = 2147483647;
			files = (
				2A7AB23729573CA100500FE4 /* Preview Assets.xcassets in Resources */,
				2A7AB23429573CA100500FE4 /* Assets.xcassets in Resources */,
			);
			runOnlyForDeploymentPostprocessing = 0;
		};
		2AA0ABBE295C276A00711FF4 /* Resources */ = {
			isa = PBXResourcesBuildPhase;
			buildActionMask = 2147483647;
			files = (
				2AA0ABCA295C276B00711FF4 /* Preview Assets.xcassets in Resources */,
				2AA0ABC7295C276B00711FF4 /* Assets.xcassets in Resources */,
			);
			runOnlyForDeploymentPostprocessing = 0;
		};
		2AFF10432952FBA2003E11E5 /* Resources */ = {
			isa = PBXResourcesBuildPhase;
			buildActionMask = 2147483647;
			files = (
				2AFF104F2952FBA3003E11E5 /* Preview Assets.xcassets in Resources */,
				2AFF104C2952FBA3003E11E5 /* Assets.xcassets in Resources */,
			);
			runOnlyForDeploymentPostprocessing = 0;
		};
/* End PBXResourcesBuildPhase section */

/* Begin PBXSourcesBuildPhase section */
		2A1AC7112956F6210075134A /* Sources */ = {
			isa = PBXSourcesBuildPhase;
			buildActionMask = 2147483647;
			files = (
				2A1AC71A2956F6210075134A /* ContentView.swift in Sources */,
				2A1AC7182956F6210075134A /* AddNewAddressPreviewAppApp.swift in Sources */,
				2AC4E5DD295AF1D200EAB861 /* Composer.swift in Sources */,
				2AC4E5DF295AF8B600EAB861 /* AddNewAddressUIComposer.swift in Sources */,
			);
			runOnlyForDeploymentPostprocessing = 0;
		};
		2A390C982955EA9100779C18 /* Sources */ = {
			isa = PBXSourcesBuildPhase;
			buildActionMask = 2147483647;
			files = (
				2A390CA12955EA9100779C18 /* ContentView.swift in Sources */,
				2A390C9F2955EA9100779C18 /* SwiftUINavigationAlertApp.swift in Sources */,
			);
			runOnlyForDeploymentPostprocessing = 0;
		};
		2A48CDF82959BA9B00DF5A29 /* Sources */ = {
			isa = PBXSourcesBuildPhase;
			buildActionMask = 2147483647;
			files = (
				2A48CE012959BA9B00DF5A29 /* ContentView.swift in Sources */,
				2A48CDFF2959BA9B00DF5A29 /* AddNewAddressDemoPreviewAppApp.swift in Sources */,
			);
			runOnlyForDeploymentPostprocessing = 0;
		};
		2A7AB2172957018100500FE4 /* Sources */ = {
			isa = PBXSourcesBuildPhase;
			buildActionMask = 2147483647;
			files = (
				2A7AB2202957018100500FE4 /* ContentView.swift in Sources */,
				2A7AB21E2957018100500FE4 /* DismissSearchPreviewAppApp.swift in Sources */,
			);
			runOnlyForDeploymentPostprocessing = 0;
		};
		2A7AB22929573C9F00500FE4 /* Sources */ = {
			isa = PBXSourcesBuildPhase;
			buildActionMask = 2147483647;
			files = (
				2A7AB23229573C9F00500FE4 /* ContentView.swift in Sources */,
				2A7AB23029573C9F00500FE4 /* MapViewPreviewAppApp.swift in Sources */,
			);
			runOnlyForDeploymentPostprocessing = 0;
		};
		2AA0ABBC295C276A00711FF4 /* Sources */ = {
			isa = PBXSourcesBuildPhase;
			buildActionMask = 2147483647;
			files = (
				2AA0ABC5295C276A00711FF4 /* ContentView.swift in Sources */,
				2AA0ABC3295C276A00711FF4 /* AddressMapSearchPreviewAppApp.swift in Sources */,
			);
			runOnlyForDeploymentPostprocessing = 0;
		};
		2AFF10412952FBA2003E11E5 /* Sources */ = {
			isa = PBXSourcesBuildPhase;
			buildActionMask = 2147483647;
			files = (
				2AFF104A2952FBA2003E11E5 /* ContentView.swift in Sources */,
				2AFF10482952FBA2003E11E5 /* ShopUIPrototypePreviewAppApp.swift in Sources */,
			);
			runOnlyForDeploymentPostprocessing = 0;
		};
/* End PBXSourcesBuildPhase section */

/* Begin XCBuildConfiguration section */
		2A1AC7202956F6220075134A /* Debug */ = {
			isa = XCBuildConfiguration;
			buildSettings = {
				ASSETCATALOG_COMPILER_APPICON_NAME = AppIcon;
				ASSETCATALOG_COMPILER_GLOBAL_ACCENT_COLOR_NAME = AccentColor;
				CODE_SIGN_STYLE = Automatic;
				CURRENT_PROJECT_VERSION = 1;
				DEVELOPMENT_ASSET_PATHS = "\"AddNewAddressPreviewApp/Preview Content\"";
				DEVELOPMENT_TEAM = VRVJ9YNRQU;
				ENABLE_PREVIEWS = YES;
				GENERATE_INFOPLIST_FILE = YES;
				INFOPLIST_KEY_UIApplicationSceneManifest_Generation = YES;
				INFOPLIST_KEY_UIApplicationSupportsIndirectInputEvents = YES;
				INFOPLIST_KEY_UILaunchScreen_Generation = YES;
				INFOPLIST_KEY_UISupportedInterfaceOrientations_iPad = "UIInterfaceOrientationPortrait UIInterfaceOrientationPortraitUpsideDown UIInterfaceOrientationLandscapeLeft UIInterfaceOrientationLandscapeRight";
				INFOPLIST_KEY_UISupportedInterfaceOrientations_iPhone = "UIInterfaceOrientationPortrait UIInterfaceOrientationLandscapeLeft UIInterfaceOrientationLandscapeRight";
				LD_RUNPATH_SEARCH_PATHS = (
					"$(inherited)",
					"@executable_path/Frameworks",
				);
				MARKETING_VERSION = 1.0;
				PRODUCT_BUNDLE_IDENTIFIER = com.photoigor.AddNewAddressPreviewApp;
				PRODUCT_NAME = "$(TARGET_NAME)";
				SWIFT_EMIT_LOC_STRINGS = YES;
				SWIFT_VERSION = 5.0;
				TARGETED_DEVICE_FAMILY = "1,2";
			};
			name = Debug;
		};
		2A1AC7212956F6220075134A /* Release */ = {
			isa = XCBuildConfiguration;
			buildSettings = {
				ASSETCATALOG_COMPILER_APPICON_NAME = AppIcon;
				ASSETCATALOG_COMPILER_GLOBAL_ACCENT_COLOR_NAME = AccentColor;
				CODE_SIGN_STYLE = Automatic;
				CURRENT_PROJECT_VERSION = 1;
				DEVELOPMENT_ASSET_PATHS = "\"AddNewAddressPreviewApp/Preview Content\"";
				DEVELOPMENT_TEAM = VRVJ9YNRQU;
				ENABLE_PREVIEWS = YES;
				GENERATE_INFOPLIST_FILE = YES;
				INFOPLIST_KEY_UIApplicationSceneManifest_Generation = YES;
				INFOPLIST_KEY_UIApplicationSupportsIndirectInputEvents = YES;
				INFOPLIST_KEY_UILaunchScreen_Generation = YES;
				INFOPLIST_KEY_UISupportedInterfaceOrientations_iPad = "UIInterfaceOrientationPortrait UIInterfaceOrientationPortraitUpsideDown UIInterfaceOrientationLandscapeLeft UIInterfaceOrientationLandscapeRight";
				INFOPLIST_KEY_UISupportedInterfaceOrientations_iPhone = "UIInterfaceOrientationPortrait UIInterfaceOrientationLandscapeLeft UIInterfaceOrientationLandscapeRight";
				LD_RUNPATH_SEARCH_PATHS = (
					"$(inherited)",
					"@executable_path/Frameworks",
				);
				MARKETING_VERSION = 1.0;
				PRODUCT_BUNDLE_IDENTIFIER = com.photoigor.AddNewAddressPreviewApp;
				PRODUCT_NAME = "$(TARGET_NAME)";
				SWIFT_EMIT_LOC_STRINGS = YES;
				SWIFT_VERSION = 5.0;
				TARGETED_DEVICE_FAMILY = "1,2";
			};
			name = Release;
		};
		2A390CA72955EA9200779C18 /* Debug */ = {
			isa = XCBuildConfiguration;
			buildSettings = {
				ASSETCATALOG_COMPILER_APPICON_NAME = AppIcon;
				ASSETCATALOG_COMPILER_GLOBAL_ACCENT_COLOR_NAME = AccentColor;
				CODE_SIGN_STYLE = Automatic;
				CURRENT_PROJECT_VERSION = 1;
				DEVELOPMENT_ASSET_PATHS = "\"SwiftUINavigationAlert/Preview Content\"";
				DEVELOPMENT_TEAM = VRVJ9YNRQU;
				ENABLE_PREVIEWS = YES;
				GENERATE_INFOPLIST_FILE = YES;
				INFOPLIST_KEY_UIApplicationSceneManifest_Generation = YES;
				INFOPLIST_KEY_UIApplicationSupportsIndirectInputEvents = YES;
				INFOPLIST_KEY_UILaunchScreen_Generation = YES;
				INFOPLIST_KEY_UISupportedInterfaceOrientations_iPad = "UIInterfaceOrientationPortrait UIInterfaceOrientationPortraitUpsideDown UIInterfaceOrientationLandscapeLeft UIInterfaceOrientationLandscapeRight";
				INFOPLIST_KEY_UISupportedInterfaceOrientations_iPhone = "UIInterfaceOrientationPortrait UIInterfaceOrientationLandscapeLeft UIInterfaceOrientationLandscapeRight";
				LD_RUNPATH_SEARCH_PATHS = (
					"$(inherited)",
					"@executable_path/Frameworks",
				);
				MARKETING_VERSION = 1.0;
				PRODUCT_BUNDLE_IDENTIFIER = com.photoigor.SwiftUINavigationAlert;
				PRODUCT_NAME = "$(TARGET_NAME)";
				SWIFT_EMIT_LOC_STRINGS = YES;
				SWIFT_VERSION = 5.0;
				TARGETED_DEVICE_FAMILY = "1,2";
			};
			name = Debug;
		};
		2A390CA82955EA9200779C18 /* Release */ = {
			isa = XCBuildConfiguration;
			buildSettings = {
				ASSETCATALOG_COMPILER_APPICON_NAME = AppIcon;
				ASSETCATALOG_COMPILER_GLOBAL_ACCENT_COLOR_NAME = AccentColor;
				CODE_SIGN_STYLE = Automatic;
				CURRENT_PROJECT_VERSION = 1;
				DEVELOPMENT_ASSET_PATHS = "\"SwiftUINavigationAlert/Preview Content\"";
				DEVELOPMENT_TEAM = VRVJ9YNRQU;
				ENABLE_PREVIEWS = YES;
				GENERATE_INFOPLIST_FILE = YES;
				INFOPLIST_KEY_UIApplicationSceneManifest_Generation = YES;
				INFOPLIST_KEY_UIApplicationSupportsIndirectInputEvents = YES;
				INFOPLIST_KEY_UILaunchScreen_Generation = YES;
				INFOPLIST_KEY_UISupportedInterfaceOrientations_iPad = "UIInterfaceOrientationPortrait UIInterfaceOrientationPortraitUpsideDown UIInterfaceOrientationLandscapeLeft UIInterfaceOrientationLandscapeRight";
				INFOPLIST_KEY_UISupportedInterfaceOrientations_iPhone = "UIInterfaceOrientationPortrait UIInterfaceOrientationLandscapeLeft UIInterfaceOrientationLandscapeRight";
				LD_RUNPATH_SEARCH_PATHS = (
					"$(inherited)",
					"@executable_path/Frameworks",
				);
				MARKETING_VERSION = 1.0;
				PRODUCT_BUNDLE_IDENTIFIER = com.photoigor.SwiftUINavigationAlert;
				PRODUCT_NAME = "$(TARGET_NAME)";
				SWIFT_EMIT_LOC_STRINGS = YES;
				SWIFT_VERSION = 5.0;
				TARGETED_DEVICE_FAMILY = "1,2";
			};
			name = Release;
		};
		2A48CE082959BA9C00DF5A29 /* Debug */ = {
			isa = XCBuildConfiguration;
			buildSettings = {
				ASSETCATALOG_COMPILER_APPICON_NAME = AppIcon;
				ASSETCATALOG_COMPILER_GLOBAL_ACCENT_COLOR_NAME = AccentColor;
				CODE_SIGN_STYLE = Automatic;
				CURRENT_PROJECT_VERSION = 1;
				DEVELOPMENT_ASSET_PATHS = "\"AddNewAddressDemoPreviewApp/Preview Content\"";
				DEVELOPMENT_TEAM = VRVJ9YNRQU;
				ENABLE_PREVIEWS = YES;
				GENERATE_INFOPLIST_FILE = YES;
				INFOPLIST_FILE = AddNewAddressDemoPreviewApp/Info.plist;
				INFOPLIST_KEY_UIApplicationSceneManifest_Generation = YES;
				INFOPLIST_KEY_UIApplicationSupportsIndirectInputEvents = YES;
				INFOPLIST_KEY_UILaunchScreen_Generation = YES;
				INFOPLIST_KEY_UISupportedInterfaceOrientations_iPad = "UIInterfaceOrientationPortrait UIInterfaceOrientationPortraitUpsideDown UIInterfaceOrientationLandscapeLeft UIInterfaceOrientationLandscapeRight";
				INFOPLIST_KEY_UISupportedInterfaceOrientations_iPhone = "UIInterfaceOrientationPortrait UIInterfaceOrientationLandscapeLeft UIInterfaceOrientationLandscapeRight";
				LD_RUNPATH_SEARCH_PATHS = (
					"$(inherited)",
					"@executable_path/Frameworks",
				);
				MARKETING_VERSION = 1.0;
				PRODUCT_BUNDLE_IDENTIFIER = com.photoigor.AddNewAddressDemoPreviewApp;
				PRODUCT_NAME = "$(TARGET_NAME)";
				SWIFT_EMIT_LOC_STRINGS = YES;
				SWIFT_VERSION = 5.0;
				TARGETED_DEVICE_FAMILY = "1,2";
			};
			name = Debug;
		};
		2A48CE092959BA9C00DF5A29 /* Release */ = {
			isa = XCBuildConfiguration;
			buildSettings = {
				ASSETCATALOG_COMPILER_APPICON_NAME = AppIcon;
				ASSETCATALOG_COMPILER_GLOBAL_ACCENT_COLOR_NAME = AccentColor;
				CODE_SIGN_STYLE = Automatic;
				CURRENT_PROJECT_VERSION = 1;
				DEVELOPMENT_ASSET_PATHS = "\"AddNewAddressDemoPreviewApp/Preview Content\"";
				DEVELOPMENT_TEAM = VRVJ9YNRQU;
				ENABLE_PREVIEWS = YES;
				GENERATE_INFOPLIST_FILE = YES;
				INFOPLIST_FILE = AddNewAddressDemoPreviewApp/Info.plist;
				INFOPLIST_KEY_UIApplicationSceneManifest_Generation = YES;
				INFOPLIST_KEY_UIApplicationSupportsIndirectInputEvents = YES;
				INFOPLIST_KEY_UILaunchScreen_Generation = YES;
				INFOPLIST_KEY_UISupportedInterfaceOrientations_iPad = "UIInterfaceOrientationPortrait UIInterfaceOrientationPortraitUpsideDown UIInterfaceOrientationLandscapeLeft UIInterfaceOrientationLandscapeRight";
				INFOPLIST_KEY_UISupportedInterfaceOrientations_iPhone = "UIInterfaceOrientationPortrait UIInterfaceOrientationLandscapeLeft UIInterfaceOrientationLandscapeRight";
				LD_RUNPATH_SEARCH_PATHS = (
					"$(inherited)",
					"@executable_path/Frameworks",
				);
				MARKETING_VERSION = 1.0;
				PRODUCT_BUNDLE_IDENTIFIER = com.photoigor.AddNewAddressDemoPreviewApp;
				PRODUCT_NAME = "$(TARGET_NAME)";
				SWIFT_EMIT_LOC_STRINGS = YES;
				SWIFT_VERSION = 5.0;
				TARGETED_DEVICE_FAMILY = "1,2";
			};
			name = Release;
		};
		2A7AB2262957018200500FE4 /* Debug */ = {
			isa = XCBuildConfiguration;
			buildSettings = {
				ASSETCATALOG_COMPILER_APPICON_NAME = AppIcon;
				ASSETCATALOG_COMPILER_GLOBAL_ACCENT_COLOR_NAME = AccentColor;
				CODE_SIGN_STYLE = Automatic;
				CURRENT_PROJECT_VERSION = 1;
				DEVELOPMENT_ASSET_PATHS = "\"DismissSearchPreviewApp/Preview Content\"";
				DEVELOPMENT_TEAM = VRVJ9YNRQU;
				ENABLE_PREVIEWS = YES;
				GENERATE_INFOPLIST_FILE = YES;
				INFOPLIST_KEY_UIApplicationSceneManifest_Generation = YES;
				INFOPLIST_KEY_UIApplicationSupportsIndirectInputEvents = YES;
				INFOPLIST_KEY_UILaunchScreen_Generation = YES;
				INFOPLIST_KEY_UISupportedInterfaceOrientations_iPad = "UIInterfaceOrientationPortrait UIInterfaceOrientationPortraitUpsideDown UIInterfaceOrientationLandscapeLeft UIInterfaceOrientationLandscapeRight";
				INFOPLIST_KEY_UISupportedInterfaceOrientations_iPhone = "UIInterfaceOrientationPortrait UIInterfaceOrientationLandscapeLeft UIInterfaceOrientationLandscapeRight";
				LD_RUNPATH_SEARCH_PATHS = (
					"$(inherited)",
					"@executable_path/Frameworks",
				);
				MARKETING_VERSION = 1.0;
				PRODUCT_BUNDLE_IDENTIFIER = com.photoigor.DismissSearchPreviewApp;
				PRODUCT_NAME = "$(TARGET_NAME)";
				SWIFT_EMIT_LOC_STRINGS = YES;
				SWIFT_VERSION = 5.0;
				TARGETED_DEVICE_FAMILY = "1,2";
			};
			name = Debug;
		};
		2A7AB2272957018200500FE4 /* Release */ = {
			isa = XCBuildConfiguration;
			buildSettings = {
				ASSETCATALOG_COMPILER_APPICON_NAME = AppIcon;
				ASSETCATALOG_COMPILER_GLOBAL_ACCENT_COLOR_NAME = AccentColor;
				CODE_SIGN_STYLE = Automatic;
				CURRENT_PROJECT_VERSION = 1;
				DEVELOPMENT_ASSET_PATHS = "\"DismissSearchPreviewApp/Preview Content\"";
				DEVELOPMENT_TEAM = VRVJ9YNRQU;
				ENABLE_PREVIEWS = YES;
				GENERATE_INFOPLIST_FILE = YES;
				INFOPLIST_KEY_UIApplicationSceneManifest_Generation = YES;
				INFOPLIST_KEY_UIApplicationSupportsIndirectInputEvents = YES;
				INFOPLIST_KEY_UILaunchScreen_Generation = YES;
				INFOPLIST_KEY_UISupportedInterfaceOrientations_iPad = "UIInterfaceOrientationPortrait UIInterfaceOrientationPortraitUpsideDown UIInterfaceOrientationLandscapeLeft UIInterfaceOrientationLandscapeRight";
				INFOPLIST_KEY_UISupportedInterfaceOrientations_iPhone = "UIInterfaceOrientationPortrait UIInterfaceOrientationLandscapeLeft UIInterfaceOrientationLandscapeRight";
				LD_RUNPATH_SEARCH_PATHS = (
					"$(inherited)",
					"@executable_path/Frameworks",
				);
				MARKETING_VERSION = 1.0;
				PRODUCT_BUNDLE_IDENTIFIER = com.photoigor.DismissSearchPreviewApp;
				PRODUCT_NAME = "$(TARGET_NAME)";
				SWIFT_EMIT_LOC_STRINGS = YES;
				SWIFT_VERSION = 5.0;
				TARGETED_DEVICE_FAMILY = "1,2";
			};
			name = Release;
		};
		2A7AB23929573CA100500FE4 /* Debug */ = {
			isa = XCBuildConfiguration;
			buildSettings = {
				ASSETCATALOG_COMPILER_APPICON_NAME = AppIcon;
				ASSETCATALOG_COMPILER_GLOBAL_ACCENT_COLOR_NAME = AccentColor;
				CODE_SIGN_STYLE = Automatic;
				CURRENT_PROJECT_VERSION = 1;
				DEVELOPMENT_ASSET_PATHS = "\"MapViewPreviewApp/Preview Content\"";
				DEVELOPMENT_TEAM = VRVJ9YNRQU;
				ENABLE_PREVIEWS = YES;
				GENERATE_INFOPLIST_FILE = YES;
				INFOPLIST_KEY_UIApplicationSceneManifest_Generation = YES;
				INFOPLIST_KEY_UIApplicationSupportsIndirectInputEvents = YES;
				INFOPLIST_KEY_UILaunchScreen_Generation = YES;
				INFOPLIST_KEY_UISupportedInterfaceOrientations_iPad = "UIInterfaceOrientationPortrait UIInterfaceOrientationPortraitUpsideDown UIInterfaceOrientationLandscapeLeft UIInterfaceOrientationLandscapeRight";
				INFOPLIST_KEY_UISupportedInterfaceOrientations_iPhone = "UIInterfaceOrientationPortrait UIInterfaceOrientationLandscapeLeft UIInterfaceOrientationLandscapeRight";
				LD_RUNPATH_SEARCH_PATHS = (
					"$(inherited)",
					"@executable_path/Frameworks",
				);
				MARKETING_VERSION = 1.0;
				PRODUCT_BUNDLE_IDENTIFIER = com.photoigor.MapViewPreviewApp;
				PRODUCT_NAME = "$(TARGET_NAME)";
				SWIFT_EMIT_LOC_STRINGS = YES;
				SWIFT_VERSION = 5.0;
				TARGETED_DEVICE_FAMILY = "1,2";
			};
			name = Debug;
		};
		2A7AB23A29573CA100500FE4 /* Release */ = {
			isa = XCBuildConfiguration;
			buildSettings = {
				ASSETCATALOG_COMPILER_APPICON_NAME = AppIcon;
				ASSETCATALOG_COMPILER_GLOBAL_ACCENT_COLOR_NAME = AccentColor;
				CODE_SIGN_STYLE = Automatic;
				CURRENT_PROJECT_VERSION = 1;
				DEVELOPMENT_ASSET_PATHS = "\"MapViewPreviewApp/Preview Content\"";
				DEVELOPMENT_TEAM = VRVJ9YNRQU;
				ENABLE_PREVIEWS = YES;
				GENERATE_INFOPLIST_FILE = YES;
				INFOPLIST_KEY_UIApplicationSceneManifest_Generation = YES;
				INFOPLIST_KEY_UIApplicationSupportsIndirectInputEvents = YES;
				INFOPLIST_KEY_UILaunchScreen_Generation = YES;
				INFOPLIST_KEY_UISupportedInterfaceOrientations_iPad = "UIInterfaceOrientationPortrait UIInterfaceOrientationPortraitUpsideDown UIInterfaceOrientationLandscapeLeft UIInterfaceOrientationLandscapeRight";
				INFOPLIST_KEY_UISupportedInterfaceOrientations_iPhone = "UIInterfaceOrientationPortrait UIInterfaceOrientationLandscapeLeft UIInterfaceOrientationLandscapeRight";
				LD_RUNPATH_SEARCH_PATHS = (
					"$(inherited)",
					"@executable_path/Frameworks",
				);
				MARKETING_VERSION = 1.0;
				PRODUCT_BUNDLE_IDENTIFIER = com.photoigor.MapViewPreviewApp;
				PRODUCT_NAME = "$(TARGET_NAME)";
				SWIFT_EMIT_LOC_STRINGS = YES;
				SWIFT_VERSION = 5.0;
				TARGETED_DEVICE_FAMILY = "1,2";
			};
			name = Release;
		};
		2AA0ABCB295C276B00711FF4 /* Debug */ = {
			isa = XCBuildConfiguration;
			buildSettings = {
				ASSETCATALOG_COMPILER_APPICON_NAME = AppIcon;
				ASSETCATALOG_COMPILER_GLOBAL_ACCENT_COLOR_NAME = AccentColor;
				CODE_SIGN_STYLE = Automatic;
				CURRENT_PROJECT_VERSION = 1;
				DEVELOPMENT_ASSET_PATHS = "\"AddressMapSearchPreviewApp/Preview Content\"";
				DEVELOPMENT_TEAM = VRVJ9YNRQU;
				ENABLE_PREVIEWS = YES;
				GENERATE_INFOPLIST_FILE = YES;
				INFOPLIST_KEY_UIApplicationSceneManifest_Generation = YES;
				INFOPLIST_KEY_UIApplicationSupportsIndirectInputEvents = YES;
				INFOPLIST_KEY_UILaunchScreen_Generation = YES;
				INFOPLIST_KEY_UISupportedInterfaceOrientations_iPad = "UIInterfaceOrientationPortrait UIInterfaceOrientationPortraitUpsideDown UIInterfaceOrientationLandscapeLeft UIInterfaceOrientationLandscapeRight";
				INFOPLIST_KEY_UISupportedInterfaceOrientations_iPhone = "UIInterfaceOrientationPortrait UIInterfaceOrientationLandscapeLeft UIInterfaceOrientationLandscapeRight";
				LD_RUNPATH_SEARCH_PATHS = (
					"$(inherited)",
					"@executable_path/Frameworks",
				);
				MARKETING_VERSION = 1.0;
				PRODUCT_BUNDLE_IDENTIFIER = com.photoigor.AddressMapSearchPreviewApp;
				PRODUCT_NAME = "$(TARGET_NAME)";
				SWIFT_EMIT_LOC_STRINGS = YES;
				SWIFT_VERSION = 5.0;
				TARGETED_DEVICE_FAMILY = "1,2";
			};
			name = Debug;
		};
		2AA0ABCC295C276B00711FF4 /* Release */ = {
			isa = XCBuildConfiguration;
			buildSettings = {
				ASSETCATALOG_COMPILER_APPICON_NAME = AppIcon;
				ASSETCATALOG_COMPILER_GLOBAL_ACCENT_COLOR_NAME = AccentColor;
				CODE_SIGN_STYLE = Automatic;
				CURRENT_PROJECT_VERSION = 1;
				DEVELOPMENT_ASSET_PATHS = "\"AddressMapSearchPreviewApp/Preview Content\"";
				DEVELOPMENT_TEAM = VRVJ9YNRQU;
				ENABLE_PREVIEWS = YES;
				GENERATE_INFOPLIST_FILE = YES;
				INFOPLIST_KEY_UIApplicationSceneManifest_Generation = YES;
				INFOPLIST_KEY_UIApplicationSupportsIndirectInputEvents = YES;
				INFOPLIST_KEY_UILaunchScreen_Generation = YES;
				INFOPLIST_KEY_UISupportedInterfaceOrientations_iPad = "UIInterfaceOrientationPortrait UIInterfaceOrientationPortraitUpsideDown UIInterfaceOrientationLandscapeLeft UIInterfaceOrientationLandscapeRight";
				INFOPLIST_KEY_UISupportedInterfaceOrientations_iPhone = "UIInterfaceOrientationPortrait UIInterfaceOrientationLandscapeLeft UIInterfaceOrientationLandscapeRight";
				LD_RUNPATH_SEARCH_PATHS = (
					"$(inherited)",
					"@executable_path/Frameworks",
				);
				MARKETING_VERSION = 1.0;
				PRODUCT_BUNDLE_IDENTIFIER = com.photoigor.AddressMapSearchPreviewApp;
				PRODUCT_NAME = "$(TARGET_NAME)";
				SWIFT_EMIT_LOC_STRINGS = YES;
				SWIFT_VERSION = 5.0;
				TARGETED_DEVICE_FAMILY = "1,2";
			};
			name = Release;
		};
		2AFF10242952F955003E11E5 /* Debug */ = {
			isa = XCBuildConfiguration;
			buildSettings = {
				ALWAYS_SEARCH_USER_PATHS = NO;
				CLANG_ANALYZER_NONNULL = YES;
				CLANG_ANALYZER_NUMBER_OBJECT_CONVERSION = YES_AGGRESSIVE;
				CLANG_CXX_LANGUAGE_STANDARD = "gnu++20";
				CLANG_ENABLE_MODULES = YES;
				CLANG_ENABLE_OBJC_ARC = YES;
				CLANG_ENABLE_OBJC_WEAK = YES;
				CLANG_WARN_BLOCK_CAPTURE_AUTORELEASING = YES;
				CLANG_WARN_BOOL_CONVERSION = YES;
				CLANG_WARN_COMMA = YES;
				CLANG_WARN_CONSTANT_CONVERSION = YES;
				CLANG_WARN_DEPRECATED_OBJC_IMPLEMENTATIONS = YES;
				CLANG_WARN_DIRECT_OBJC_ISA_USAGE = YES_ERROR;
				CLANG_WARN_DOCUMENTATION_COMMENTS = YES;
				CLANG_WARN_EMPTY_BODY = YES;
				CLANG_WARN_ENUM_CONVERSION = YES;
				CLANG_WARN_INFINITE_RECURSION = YES;
				CLANG_WARN_INT_CONVERSION = YES;
				CLANG_WARN_NON_LITERAL_NULL_CONVERSION = YES;
				CLANG_WARN_OBJC_IMPLICIT_RETAIN_SELF = YES;
				CLANG_WARN_OBJC_LITERAL_CONVERSION = YES;
				CLANG_WARN_OBJC_ROOT_CLASS = YES_ERROR;
				CLANG_WARN_QUOTED_INCLUDE_IN_FRAMEWORK_HEADER = YES;
				CLANG_WARN_RANGE_LOOP_ANALYSIS = YES;
				CLANG_WARN_STRICT_PROTOTYPES = YES;
				CLANG_WARN_SUSPICIOUS_MOVE = YES;
				CLANG_WARN_UNGUARDED_AVAILABILITY = YES_AGGRESSIVE;
				CLANG_WARN_UNREACHABLE_CODE = YES;
				CLANG_WARN__DUPLICATE_METHOD_MATCH = YES;
				COPY_PHASE_STRIP = NO;
				DEBUG_INFORMATION_FORMAT = dwarf;
				ENABLE_STRICT_OBJC_MSGSEND = YES;
				ENABLE_TESTABILITY = YES;
				GCC_C_LANGUAGE_STANDARD = gnu11;
				GCC_DYNAMIC_NO_PIC = NO;
				GCC_NO_COMMON_BLOCKS = YES;
				GCC_OPTIMIZATION_LEVEL = 0;
				GCC_PREPROCESSOR_DEFINITIONS = (
					"DEBUG=1",
					"$(inherited)",
				);
				GCC_WARN_64_TO_32_BIT_CONVERSION = YES;
				GCC_WARN_ABOUT_RETURN_TYPE = YES_ERROR;
				GCC_WARN_UNDECLARED_SELECTOR = YES;
				GCC_WARN_UNINITIALIZED_AUTOS = YES_AGGRESSIVE;
				GCC_WARN_UNUSED_FUNCTION = YES;
				GCC_WARN_UNUSED_VARIABLE = YES;
				IPHONEOS_DEPLOYMENT_TARGET = 16.2;
				MTL_ENABLE_DEBUG_INFO = INCLUDE_SOURCE;
				MTL_FAST_MATH = YES;
				ONLY_ACTIVE_ARCH = YES;
				SDKROOT = iphoneos;
				SWIFT_ACTIVE_COMPILATION_CONDITIONS = DEBUG;
				SWIFT_OPTIMIZATION_LEVEL = "-Onone";
			};
			name = Debug;
		};
		2AFF10252952F955003E11E5 /* Release */ = {
			isa = XCBuildConfiguration;
			buildSettings = {
				ALWAYS_SEARCH_USER_PATHS = NO;
				CLANG_ANALYZER_NONNULL = YES;
				CLANG_ANALYZER_NUMBER_OBJECT_CONVERSION = YES_AGGRESSIVE;
				CLANG_CXX_LANGUAGE_STANDARD = "gnu++20";
				CLANG_ENABLE_MODULES = YES;
				CLANG_ENABLE_OBJC_ARC = YES;
				CLANG_ENABLE_OBJC_WEAK = YES;
				CLANG_WARN_BLOCK_CAPTURE_AUTORELEASING = YES;
				CLANG_WARN_BOOL_CONVERSION = YES;
				CLANG_WARN_COMMA = YES;
				CLANG_WARN_CONSTANT_CONVERSION = YES;
				CLANG_WARN_DEPRECATED_OBJC_IMPLEMENTATIONS = YES;
				CLANG_WARN_DIRECT_OBJC_ISA_USAGE = YES_ERROR;
				CLANG_WARN_DOCUMENTATION_COMMENTS = YES;
				CLANG_WARN_EMPTY_BODY = YES;
				CLANG_WARN_ENUM_CONVERSION = YES;
				CLANG_WARN_INFINITE_RECURSION = YES;
				CLANG_WARN_INT_CONVERSION = YES;
				CLANG_WARN_NON_LITERAL_NULL_CONVERSION = YES;
				CLANG_WARN_OBJC_IMPLICIT_RETAIN_SELF = YES;
				CLANG_WARN_OBJC_LITERAL_CONVERSION = YES;
				CLANG_WARN_OBJC_ROOT_CLASS = YES_ERROR;
				CLANG_WARN_QUOTED_INCLUDE_IN_FRAMEWORK_HEADER = YES;
				CLANG_WARN_RANGE_LOOP_ANALYSIS = YES;
				CLANG_WARN_STRICT_PROTOTYPES = YES;
				CLANG_WARN_SUSPICIOUS_MOVE = YES;
				CLANG_WARN_UNGUARDED_AVAILABILITY = YES_AGGRESSIVE;
				CLANG_WARN_UNREACHABLE_CODE = YES;
				CLANG_WARN__DUPLICATE_METHOD_MATCH = YES;
				COPY_PHASE_STRIP = NO;
				DEBUG_INFORMATION_FORMAT = "dwarf-with-dsym";
				ENABLE_NS_ASSERTIONS = NO;
				ENABLE_STRICT_OBJC_MSGSEND = YES;
				GCC_C_LANGUAGE_STANDARD = gnu11;
				GCC_NO_COMMON_BLOCKS = YES;
				GCC_WARN_64_TO_32_BIT_CONVERSION = YES;
				GCC_WARN_ABOUT_RETURN_TYPE = YES_ERROR;
				GCC_WARN_UNDECLARED_SELECTOR = YES;
				GCC_WARN_UNINITIALIZED_AUTOS = YES_AGGRESSIVE;
				GCC_WARN_UNUSED_FUNCTION = YES;
				GCC_WARN_UNUSED_VARIABLE = YES;
				IPHONEOS_DEPLOYMENT_TARGET = 16.2;
				MTL_ENABLE_DEBUG_INFO = NO;
				MTL_FAST_MATH = YES;
				SDKROOT = iphoneos;
				SWIFT_COMPILATION_MODE = wholemodule;
				SWIFT_OPTIMIZATION_LEVEL = "-O";
				VALIDATE_PRODUCT = YES;
			};
			name = Release;
		};
		2AFF10512952FBA3003E11E5 /* Debug */ = {
			isa = XCBuildConfiguration;
			buildSettings = {
				ASSETCATALOG_COMPILER_APPICON_NAME = AppIcon;
				ASSETCATALOG_COMPILER_GLOBAL_ACCENT_COLOR_NAME = AccentColor;
				CODE_SIGN_STYLE = Automatic;
				CURRENT_PROJECT_VERSION = 1;
				DEVELOPMENT_ASSET_PATHS = "\"ShopUIPrototypePreviewApp/Preview Content\"";
				DEVELOPMENT_TEAM = VRVJ9YNRQU;
				ENABLE_PREVIEWS = YES;
				GENERATE_INFOPLIST_FILE = YES;
				INFOPLIST_KEY_UIApplicationSceneManifest_Generation = YES;
				INFOPLIST_KEY_UIApplicationSupportsIndirectInputEvents = YES;
				INFOPLIST_KEY_UILaunchScreen_Generation = YES;
				INFOPLIST_KEY_UISupportedInterfaceOrientations_iPad = "UIInterfaceOrientationPortrait UIInterfaceOrientationPortraitUpsideDown UIInterfaceOrientationLandscapeLeft UIInterfaceOrientationLandscapeRight";
				INFOPLIST_KEY_UISupportedInterfaceOrientations_iPhone = "UIInterfaceOrientationPortrait UIInterfaceOrientationLandscapeLeft UIInterfaceOrientationLandscapeRight";
				LD_RUNPATH_SEARCH_PATHS = (
					"$(inherited)",
					"@executable_path/Frameworks",
				);
				MARKETING_VERSION = 1.0;
				PRODUCT_BUNDLE_IDENTIFIER = com.photoigor.ShopUIPrototypePreviewApp;
				PRODUCT_NAME = "$(TARGET_NAME)";
				SWIFT_EMIT_LOC_STRINGS = YES;
				SWIFT_VERSION = 5.0;
				TARGETED_DEVICE_FAMILY = "1,2";
			};
			name = Debug;
		};
		2AFF10522952FBA3003E11E5 /* Release */ = {
			isa = XCBuildConfiguration;
			buildSettings = {
				ASSETCATALOG_COMPILER_APPICON_NAME = AppIcon;
				ASSETCATALOG_COMPILER_GLOBAL_ACCENT_COLOR_NAME = AccentColor;
				CODE_SIGN_STYLE = Automatic;
				CURRENT_PROJECT_VERSION = 1;
				DEVELOPMENT_ASSET_PATHS = "\"ShopUIPrototypePreviewApp/Preview Content\"";
				DEVELOPMENT_TEAM = VRVJ9YNRQU;
				ENABLE_PREVIEWS = YES;
				GENERATE_INFOPLIST_FILE = YES;
				INFOPLIST_KEY_UIApplicationSceneManifest_Generation = YES;
				INFOPLIST_KEY_UIApplicationSupportsIndirectInputEvents = YES;
				INFOPLIST_KEY_UILaunchScreen_Generation = YES;
				INFOPLIST_KEY_UISupportedInterfaceOrientations_iPad = "UIInterfaceOrientationPortrait UIInterfaceOrientationPortraitUpsideDown UIInterfaceOrientationLandscapeLeft UIInterfaceOrientationLandscapeRight";
				INFOPLIST_KEY_UISupportedInterfaceOrientations_iPhone = "UIInterfaceOrientationPortrait UIInterfaceOrientationLandscapeLeft UIInterfaceOrientationLandscapeRight";
				LD_RUNPATH_SEARCH_PATHS = (
					"$(inherited)",
					"@executable_path/Frameworks",
				);
				MARKETING_VERSION = 1.0;
				PRODUCT_BUNDLE_IDENTIFIER = com.photoigor.ShopUIPrototypePreviewApp;
				PRODUCT_NAME = "$(TARGET_NAME)";
				SWIFT_EMIT_LOC_STRINGS = YES;
				SWIFT_VERSION = 5.0;
				TARGETED_DEVICE_FAMILY = "1,2";
			};
			name = Release;
		};
/* End XCBuildConfiguration section */

/* Begin XCConfigurationList section */
		2A1AC7222956F6220075134A /* Build configuration list for PBXNativeTarget "AddNewAddressPreviewApp" */ = {
			isa = XCConfigurationList;
			buildConfigurations = (
				2A1AC7202956F6220075134A /* Debug */,
				2A1AC7212956F6220075134A /* Release */,
			);
			defaultConfigurationIsVisible = 0;
			defaultConfigurationName = Release;
		};
		2A390CA92955EA9200779C18 /* Build configuration list for PBXNativeTarget "SwiftUINavigationAlert" */ = {
			isa = XCConfigurationList;
			buildConfigurations = (
				2A390CA72955EA9200779C18 /* Debug */,
				2A390CA82955EA9200779C18 /* Release */,
			);
			defaultConfigurationIsVisible = 0;
			defaultConfigurationName = Release;
		};
		2A48CE072959BA9C00DF5A29 /* Build configuration list for PBXNativeTarget "AddNewAddressDemoPreviewApp" */ = {
			isa = XCConfigurationList;
			buildConfigurations = (
				2A48CE082959BA9C00DF5A29 /* Debug */,
				2A48CE092959BA9C00DF5A29 /* Release */,
			);
			defaultConfigurationIsVisible = 0;
			defaultConfigurationName = Release;
		};
		2A7AB2282957018200500FE4 /* Build configuration list for PBXNativeTarget "DismissSearchPreviewApp" */ = {
			isa = XCConfigurationList;
			buildConfigurations = (
				2A7AB2262957018200500FE4 /* Debug */,
				2A7AB2272957018200500FE4 /* Release */,
			);
			defaultConfigurationIsVisible = 0;
			defaultConfigurationName = Release;
		};
		2A7AB23829573CA100500FE4 /* Build configuration list for PBXNativeTarget "MapViewPreviewApp" */ = {
			isa = XCConfigurationList;
			buildConfigurations = (
				2A7AB23929573CA100500FE4 /* Debug */,
				2A7AB23A29573CA100500FE4 /* Release */,
			);
			defaultConfigurationIsVisible = 0;
			defaultConfigurationName = Release;
		};
		2AA0ABCD295C276B00711FF4 /* Build configuration list for PBXNativeTarget "AddressMapSearchPreviewApp" */ = {
			isa = XCConfigurationList;
			buildConfigurations = (
				2AA0ABCB295C276B00711FF4 /* Debug */,
				2AA0ABCC295C276B00711FF4 /* Release */,
			);
			defaultConfigurationIsVisible = 0;
			defaultConfigurationName = Release;
		};
		2AFF10132952F953003E11E5 /* Build configuration list for PBXProject "ExploreSwiftUINavigation" */ = {
			isa = XCConfigurationList;
			buildConfigurations = (
				2AFF10242952F955003E11E5 /* Debug */,
				2AFF10252952F955003E11E5 /* Release */,
			);
			defaultConfigurationIsVisible = 0;
			defaultConfigurationName = Release;
		};
		2AFF10502952FBA3003E11E5 /* Build configuration list for PBXNativeTarget "ShopUIPrototypePreviewApp" */ = {
			isa = XCConfigurationList;
			buildConfigurations = (
				2AFF10512952FBA3003E11E5 /* Debug */,
				2AFF10522952FBA3003E11E5 /* Release */,
			);
			defaultConfigurationIsVisible = 0;
			defaultConfigurationName = Release;
		};
/* End XCConfigurationList section */

/* Begin XCRemoteSwiftPackageReference section */
		2A390CAA2955EAE700779C18 /* XCRemoteSwiftPackageReference "swiftui-navigation" */ = {
			isa = XCRemoteSwiftPackageReference;
			repositoryURL = "https://github.com/pointfreeco/swiftui-navigation";
			requirement = {
				kind = upToNextMajorVersion;
				minimumVersion = 0.4.5;
			};
		};
		2AECE850295EE9B0009D3A57 /* XCRemoteSwiftPackageReference "swift-case-paths" */ = {
			isa = XCRemoteSwiftPackageReference;
			repositoryURL = "https://github.com/pointfreeco/swift-case-paths.git";
			requirement = {
				kind = upToNextMajorVersion;
				minimumVersion = 0.10.1;
			};
		};
/* End XCRemoteSwiftPackageReference section */

/* Begin XCSwiftPackageProductDependency section */
		2A0D62A829559B5D00D1B884 /* AppFeature */ = {
			isa = XCSwiftPackageProductDependency;
			productName = AppFeature;
		};
		2A1AC7232956F63F0075134A /* AddNewAddressFeature */ = {
			isa = XCSwiftPackageProductDependency;
			productName = AddNewAddressFeature;
		};
		2A390CAB2955EAE700779C18 /* SwiftUINavigation */ = {
			isa = XCSwiftPackageProductDependency;
			package = 2A390CAA2955EAE700779C18 /* XCRemoteSwiftPackageReference "swiftui-navigation" */;
			productName = SwiftUINavigation;
		};
		2A48CDF22959BA1300DF5A29 /* AddNewAddressFeature */ = {
			isa = XCSwiftPackageProductDependency;
			productName = AddNewAddressFeature;
		};
		2A48CDF42959BA1300DF5A29 /* AddressSearchOnMapFeature */ = {
			isa = XCSwiftPackageProductDependency;
			productName = AddressSearchOnMapFeature;
		};
		2A48CDF62959BA1300DF5A29 /* AddressSearchService */ = {
			isa = XCSwiftPackageProductDependency;
			productName = AddressSearchService;
		};
		2A48CE0B2959BAB700DF5A29 /* AddNewAddressFeature */ = {
			isa = XCSwiftPackageProductDependency;
			productName = AddNewAddressFeature;
		};
		2A48CE0D2959BB4500DF5A29 /* AddressSearchOnMapFeature */ = {
			isa = XCSwiftPackageProductDependency;
			productName = AddressSearchOnMapFeature;
		};
		2A48CE0F2959BB4500DF5A29 /* AddressSearchService */ = {
			isa = XCSwiftPackageProductDependency;
			productName = AddressSearchService;
		};
		2A48CE112959BDEE00DF5A29 /* MapDomain */ = {
			isa = XCSwiftPackageProductDependency;
			productName = MapDomain;
		};
		2AA0ABCE295C278500711FF4 /* AddressMapSearchFeature */ = {
			isa = XCSwiftPackageProductDependency;
			productName = AddressMapSearchFeature;
		};
		2AA0ABD0295C278500711FF4 /* MapKitMapFeature */ = {
			isa = XCSwiftPackageProductDependency;
			productName = MapKitMapFeature;
		};
		2AA0ABD2295C286D00711FF4 /* MapDomain */ = {
			isa = XCSwiftPackageProductDependency;
			productName = MapDomain;
		};
		2AA0ABD6295C4BEC00711FF4 /* GeocoderAddressCoordinateSearchService */ = {
			isa = XCSwiftPackageProductDependency;
			productName = GeocoderAddressCoordinateSearchService;
		};
		2AA0ABD8295C645F00711FF4 /* AddressSearchService */ = {
			isa = XCSwiftPackageProductDependency;
			productName = AddressSearchService;
		};
		2AECE851295EE9B0009D3A57 /* CasePaths */ = {
			isa = XCSwiftPackageProductDependency;
			package = 2AECE850295EE9B0009D3A57 /* XCRemoteSwiftPackageReference "swift-case-paths" */;
			productName = CasePaths;
		};
/* End XCSwiftPackageProductDependency section */
	};
	rootObject = 2AFF10102952F953003E11E5 /* Project object */;
}
